
Microsoft Visual Studio Solution File, Format Version 12.00
# Visual Studio 14
VisualStudioVersion = 14.0.25420.1
MinimumVisualStudioVersion = 10.0.40219.1
Project("{8BC9CEB8-8B4A-11D0-8D11-00A0C91BC942}") = "InGenUO", "InGenUO\InGenUO.vcxproj", "{3E6E099B-E7C9-4A82-934D-94A43ECAAE78}"
EndProject
Project("{8BC9CEB8-8B4A-11D0-8D11-00A0C91BC942}") = "exponential_fit", "exponential_fit\exponential_fit.vcxproj", "{C828CCD7-65D4-4F2C-A395-F018D9DADBBC}"
EndProject
Project("{8BC9CEB8-8B4A-11D0-8D11-00A0C91BC942}") = "lightweight_coredump_analyzer", "lightweight_coredump_analyzer\lightweight_coredump_analyzer.vcxproj", "{4CC3D161-5BDB-453A-AFA9-42101277BD5A}"
EndProject
Project("{8BC9CEB8-8B4A-11D0-8D11-00A0C91BC942}") = "fix_nptot", "fix_nptot\fix_nptot.vcxproj", "{FF41224B-C853-449D-9C09-1747EA58CE51}"
EndProject
Project("{8BC9CEB8-8B4A-11D0-8D11-00A0C91BC942}") = "logaritmic_fit", "logaritmic_fit\logaritmic_fit.vcxproj", "{FF6B91C8-904C-4B71-82D0-E3DA2B103088}"
EndProject
Project("{8BC9CEB8-8B4A-11D0-8D11-00A0C91BC942}") = "interpolate_scan_results", "interpolate_scan_results\interpolate_scan_results.vcxproj", "{C9552783-0FE5-4FAA-B4D3-9AD83BB755BF}"
EndProject
Project("{8BC9CEB8-8B4A-11D0-8D11-00A0C91BC942}") = "extract_nptot", "extract_nptot\extract_nptot.vcxproj", "{97FE9BE6-0ECF-440E-B93C-0D3942DAFF8D}"
EndProject
Project("{8BC9CEB8-8B4A-11D0-8D11-00A0C91BC942}") = "binary_analyzer", "binary_analyzer\binary_analyzer.vcxproj", "{4747B151-A637-4E6F-8EE3-59F1081C35A0}"
EndProject
Project("{8BC9CEB8-8B4A-11D0-8D11-00A0C91BC942}") = "merge_vtk", "merge_vtk\merge_vtk.vcxproj", "{5BF0F6EA-43A4-439E-B606-41A625CBEBEE}"
EndProject
Project("{8BC9CEB8-8B4A-11D0-8D11-00A0C91BC942}") = "diagspec_reader", "diagspec_reader\diagspec_reader.vcxproj", "{29B7D0DE-DD53-4452-A9E8-D687137AF6D7}"
EndProject
Project("{8BC9CEB8-8B4A-11D0-8D11-00A0C91BC942}") = "partdist_reader", "partdist_reader\partdist_reader.vcxproj", "{D36B7A61-8D6F-4FA9-9095-54A2B96A17D8}"
EndProject
Project("{8BC9CEB8-8B4A-11D0-8D11-00A0C91BC942}") = "binary_decoder", "binary_decoder\binary_decoder.vcxproj", "{54C32540-D6C7-48FF-828B-CC25488912C8}"
EndProject
Project("{2150E333-8FDC-42A3-9474-1A3956D46DE8}") = "Solution Items", "Solution Items", "{890C018A-0AF0-4831-828C-E6DE138AE3F1}"
	ProjectSection(SolutionItems) = preProject
		.travis.yml = .travis.yml
		build_at_cnaf.sh = build_at_cnaf.sh
		build_at_galileo.sh = build_at_galileo.sh
		build_at_marconi.sh = build_at_marconi.sh
		README.md = README.md
	EndProjectSection
EndProject
Global
	GlobalSection(SolutionConfigurationPlatforms) = preSolution
		Debug|x64 = Debug|x64
		Debug|x86 = Debug|x86
		Release|x64 = Release|x64
		Release|x86 = Release|x86
	EndGlobalSection
	GlobalSection(ProjectConfigurationPlatforms) = postSolution
		{3E6E099B-E7C9-4A82-934D-94A43ECAAE78}.Debug|x64.ActiveCfg = Debug|x64
		{3E6E099B-E7C9-4A82-934D-94A43ECAAE78}.Debug|x64.Build.0 = Debug|x64
		{3E6E099B-E7C9-4A82-934D-94A43ECAAE78}.Debug|x86.ActiveCfg = Debug|x64
		{3E6E099B-E7C9-4A82-934D-94A43ECAAE78}.Release|x64.ActiveCfg = Release|x64
		{3E6E099B-E7C9-4A82-934D-94A43ECAAE78}.Release|x64.Build.0 = Release|x64
		{3E6E099B-E7C9-4A82-934D-94A43ECAAE78}.Release|x86.ActiveCfg = Release|x64
		{C828CCD7-65D4-4F2C-A395-F018D9DADBBC}.Debug|x64.ActiveCfg = Debug|x64
		{C828CCD7-65D4-4F2C-A395-F018D9DADBBC}.Debug|x64.Build.0 = Debug|x64
		{C828CCD7-65D4-4F2C-A395-F018D9DADBBC}.Debug|x86.ActiveCfg = Debug|x64
		{C828CCD7-65D4-4F2C-A395-F018D9DADBBC}.Release|x64.ActiveCfg = Release|x64
		{C828CCD7-65D4-4F2C-A395-F018D9DADBBC}.Release|x64.Build.0 = Release|x64
		{C828CCD7-65D4-4F2C-A395-F018D9DADBBC}.Release|x86.ActiveCfg = Release|x64
		{4CC3D161-5BDB-453A-AFA9-42101277BD5A}.Debug|x64.ActiveCfg = Debug|x64
		{4CC3D161-5BDB-453A-AFA9-42101277BD5A}.Debug|x64.Build.0 = Debug|x64
		{4CC3D161-5BDB-453A-AFA9-42101277BD5A}.Debug|x86.ActiveCfg = Debug|x64
		{4CC3D161-5BDB-453A-AFA9-42101277BD5A}.Release|x64.ActiveCfg = Release|x64
		{4CC3D161-5BDB-453A-AFA9-42101277BD5A}.Release|x64.Build.0 = Release|x64
		{4CC3D161-5BDB-453A-AFA9-42101277BD5A}.Release|x86.ActiveCfg = Release|x64
		{FF41224B-C853-449D-9C09-1747EA58CE51}.Debug|x64.ActiveCfg = Debug|x64
		{FF41224B-C853-449D-9C09-1747EA58CE51}.Debug|x64.Build.0 = Debug|x64
		{FF41224B-C853-449D-9C09-1747EA58CE51}.Debug|x86.ActiveCfg = Debug|x64
		{FF41224B-C853-449D-9C09-1747EA58CE51}.Release|x64.ActiveCfg = Release|x64
		{FF41224B-C853-449D-9C09-1747EA58CE51}.Release|x64.Build.0 = Release|x64
		{FF41224B-C853-449D-9C09-1747EA58CE51}.Release|x86.ActiveCfg = Release|x64
		{FF6B91C8-904C-4B71-82D0-E3DA2B103088}.Debug|x64.ActiveCfg = Debug|x64
		{FF6B91C8-904C-4B71-82D0-E3DA2B103088}.Debug|x64.Build.0 = Debug|x64
		{FF6B91C8-904C-4B71-82D0-E3DA2B103088}.Debug|x86.ActiveCfg = Debug|x64
		{FF6B91C8-904C-4B71-82D0-E3DA2B103088}.Release|x64.ActiveCfg = Release|x64
		{FF6B91C8-904C-4B71-82D0-E3DA2B103088}.Release|x64.Build.0 = Release|x64
		{FF6B91C8-904C-4B71-82D0-E3DA2B103088}.Release|x86.ActiveCfg = Release|x64
		{C9552783-0FE5-4FAA-B4D3-9AD83BB755BF}.Debug|x64.ActiveCfg = Debug|x64
		{C9552783-0FE5-4FAA-B4D3-9AD83BB755BF}.Debug|x64.Build.0 = Debug|x64
		{C9552783-0FE5-4FAA-B4D3-9AD83BB755BF}.Debug|x86.ActiveCfg = Debug|x64
		{C9552783-0FE5-4FAA-B4D3-9AD83BB755BF}.Release|x64.ActiveCfg = Release|x64
		{C9552783-0FE5-4FAA-B4D3-9AD83BB755BF}.Release|x64.Build.0 = Release|x64
		{C9552783-0FE5-4FAA-B4D3-9AD83BB755BF}.Release|x86.ActiveCfg = Release|x64
		{97FE9BE6-0ECF-440E-B93C-0D3942DAFF8D}.Debug|x64.ActiveCfg = Debug|x64
		{97FE9BE6-0ECF-440E-B93C-0D3942DAFF8D}.Debug|x64.Build.0 = Debug|x64
		{97FE9BE6-0ECF-440E-B93C-0D3942DAFF8D}.Debug|x86.ActiveCfg = Debug|Win32
		{97FE9BE6-0ECF-440E-B93C-0D3942DAFF8D}.Debug|x86.Build.0 = Debug|Win32
		{97FE9BE6-0ECF-440E-B93C-0D3942DAFF8D}.Release|x64.ActiveCfg = Release|x64
		{97FE9BE6-0ECF-440E-B93C-0D3942DAFF8D}.Release|x64.Build.0 = Release|x64
		{97FE9BE6-0ECF-440E-B93C-0D3942DAFF8D}.Release|x86.ActiveCfg = Release|Win32
		{97FE9BE6-0ECF-440E-B93C-0D3942DAFF8D}.Release|x86.Build.0 = Release|Win32
		{4747B151-A637-4E6F-8EE3-59F1081C35A0}.Debug|x64.ActiveCfg = Debug|x64
		{4747B151-A637-4E6F-8EE3-59F1081C35A0}.Debug|x64.Build.0 = Debug|x64
		{4747B151-A637-4E6F-8EE3-59F1081C35A0}.Debug|x86.ActiveCfg = Debug|x64
		{4747B151-A637-4E6F-8EE3-59F1081C35A0}.Release|x64.ActiveCfg = Release|x64
		{4747B151-A637-4E6F-8EE3-59F1081C35A0}.Release|x64.Build.0 = Release|x64
		{4747B151-A637-4E6F-8EE3-59F1081C35A0}.Release|x86.ActiveCfg = Release|x64
		{5BF0F6EA-43A4-439E-B606-41A625CBEBEE}.Debug|x64.ActiveCfg = Debug|x64
		{5BF0F6EA-43A4-439E-B606-41A625CBEBEE}.Debug|x64.Build.0 = Debug|x64
		{5BF0F6EA-43A4-439E-B606-41A625CBEBEE}.Debug|x86.ActiveCfg = Debug|x64
		{5BF0F6EA-43A4-439E-B606-41A625CBEBEE}.Release|x64.ActiveCfg = Release|x64
		{5BF0F6EA-43A4-439E-B606-41A625CBEBEE}.Release|x64.Build.0 = Release|x64
		{5BF0F6EA-43A4-439E-B606-41A625CBEBEE}.Release|x86.ActiveCfg = Release|x64
		{29B7D0DE-DD53-4452-A9E8-D687137AF6D7}.Debug|x64.ActiveCfg = Debug|x64
		{29B7D0DE-DD53-4452-A9E8-D687137AF6D7}.Debug|x64.Build.0 = Debug|x64
		{29B7D0DE-DD53-4452-A9E8-D687137AF6D7}.Debug|x86.ActiveCfg = Debug|x64
		{29B7D0DE-DD53-4452-A9E8-D687137AF6D7}.Release|x64.ActiveCfg = Release|x64
		{29B7D0DE-DD53-4452-A9E8-D687137AF6D7}.Release|x64.Build.0 = Release|x64
		{29B7D0DE-DD53-4452-A9E8-D687137AF6D7}.Release|x86.ActiveCfg = Release|x64
		{D36B7A61-8D6F-4FA9-9095-54A2B96A17D8}.Debug|x64.ActiveCfg = Debug|x64
		{D36B7A61-8D6F-4FA9-9095-54A2B96A17D8}.Debug|x64.Build.0 = Debug|x64
		{D36B7A61-8D6F-4FA9-9095-54A2B96A17D8}.Debug|x86.ActiveCfg = Debug|x64
		{D36B7A61-8D6F-4FA9-9095-54A2B96A17D8}.Release|x64.ActiveCfg = Release|x64
		{D36B7A61-8D6F-4FA9-9095-54A2B96A17D8}.Release|x64.Build.0 = Release|x64
		{D36B7A61-8D6F-4FA9-9095-54A2B96A17D8}.Release|x86.ActiveCfg = Release|x64
		{54C32540-D6C7-48FF-828B-CC25488912C8}.Debug|x64.ActiveCfg = Debug|x64
		{54C32540-D6C7-48FF-828B-CC25488912C8}.Debug|x64.Build.0 = Debug|x64
		{54C32540-D6C7-48FF-828B-CC25488912C8}.Debug|x86.ActiveCfg = Debug|x64
		{54C32540-D6C7-48FF-828B-CC25488912C8}.Release|x64.ActiveCfg = Release|x64
		{54C32540-D6C7-48FF-828B-CC25488912C8}.Release|x64.Build.0 = Release|x64
		{54C32540-D6C7-48FF-828B-CC25488912C8}.Release|x86.ActiveCfg = Release|x64
	EndGlobalSection
	GlobalSection(SolutionProperties) = preSolution
		HideSolutionNode = FALSE
	EndGlobalSection
EndGlobal
